
Microsoft Visual Studio Solution File, Format Version 12.00
# Visual Studio Version 17
VisualStudioVersion = 17.6.33829.357
MinimumVisualStudioVersion = 10.0.40219.1
Project("{8BC9CEB8-8B4A-11D0-8D11-00A0C91BC942}") = "RayTracer", "RayTracer.vcxproj", "{BB20BB5E-537F-4346-A07A-B99FD4CBB835}"
EndProject
Global
	GlobalSection(SolutionConfigurationPlatforms) = preSolution
		Debug|x64 = Debug|x64
		Debug|x86 = Debug|x86
		Release|x64 = Release|x64
		Release|x86 = Release|x86
	EndGlobalSection
	GlobalSection(ProjectConfigurationPlatforms) = postSolution
		{BB20BB5E-537F-4346-A07A-B99FD4CBB835}.Debug|x64.ActiveCfg = Debug|x64
		{BB20BB5E-537F-4346-A07A-B99FD4CBB835}.Debug|x64.Build.0 = Debug|x64
		{BB20BB5E-537F-4346-A07A-B99FD4CBB835}.Debug|x86.ActiveCfg = Debug|Win32
		{BB20BB5E-537F-4346-A07A-B99FD4CBB835}.Debug|x86.Build.0 = Debug|Win32
		{BB20BB5E-537F-4346-A07A-B99FD4CBB835}.Release|x64.ActiveCfg = Release|x64
		{BB20BB5E-537F-4346-A07A-B99FD4CBB835}.Release|x64.Build.0 = Release|x64
		{BB20BB5E-537F-4346-A07A-B99FD4CBB835}.Release|x86.ActiveCfg = Release|Win32
		{BB20BB5E-537F-4346-A07A-B99FD4CBB835}.Release|x86.Build.0 = Release|Win32
	EndGlobalSection
	GlobalSection(SolutionProperties) = preSolution
		HideSolutionNode = FALSE
	EndGlobalSection
	GlobalSection(ExtensibilityGlobals) = postSolution
		SolutionGuid = {1FA120D0-BF00-4125-8057-9907DA4842E2}
	EndGlobalSection
EndGlobal
